
Microsoft Visual Studio Solution File, Format Version 12.00
# Visual Studio 14
VisualStudioVersion = 14.0.23107.0
MinimumVisualStudioVersion = 10.0.40219.1
Project("{8BC9CEB8-8B4A-11D0-8D11-00A0C91BC942}") = "2048Server", "2048Server\2048Server.vcxproj", "{26FAD0F0-10ED-4A5F-883F-BF5DB86C0D87}"
EndProject
Project("{8BC9CEB8-8B4A-11D0-8D11-00A0C91BC942}") = "2048Client", "2048Client\2048Client.vcxproj", "{D78C4AF7-2954-45C0-8455-2BA10267944E}"
EndProject
Project("{2150E333-8FDC-42A3-9474-1A3956D46DE8}") = "Common Files", "Common Files", "{720A11E1-10B6-4141-92AE-C8D3E0853D3A}"
	ProjectSection(SolutionItems) = preProject
		Common\hasher.hpp = Common\hasher.hpp
		Common\main.hpp = Common\main.hpp
		Common\message.hpp = Common\message.hpp
		Common\play_event.hpp = Common\play_event.hpp
	EndProjectSection
EndProject
Global
	GlobalSection(SolutionConfigurationPlatforms) = preSolution
		Release|x64 = Release|x64
		Release|x86 = Release|x86
	EndGlobalSection
	GlobalSection(ProjectConfigurationPlatforms) = postSolution
		{26FAD0F0-10ED-4A5F-883F-BF5DB86C0D87}.Release|x64.ActiveCfg = Release|x64
		{26FAD0F0-10ED-4A5F-883F-BF5DB86C0D87}.Release|x64.Build.0 = Release|x64
		{26FAD0F0-10ED-4A5F-883F-BF5DB86C0D87}.Release|x86.ActiveCfg = Release|Win32
		{26FAD0F0-10ED-4A5F-883F-BF5DB86C0D87}.Release|x86.Build.0 = Release|Win32
		{D78C4AF7-2954-45C0-8455-2BA10267944E}.Release|x64.ActiveCfg = Release|x64
		{D78C4AF7-2954-45C0-8455-2BA10267944E}.Release|x64.Build.0 = Release|x64
		{D78C4AF7-2954-45C0-8455-2BA10267944E}.Release|x86.ActiveCfg = Release|Win32
		{D78C4AF7-2954-45C0-8455-2BA10267944E}.Release|x86.Build.0 = Release|Win32
	EndGlobalSection
	GlobalSection(SolutionProperties) = preSolution
		HideSolutionNode = FALSE
	EndGlobalSection
EndGlobal
